// !$*UTF8*$!
{
	archiveVersion = 1;
	classes = {
	};
	objectVersion = 48;
	objects = {

/* Begin PBXBuildFile section */
		DC17322E2180CE1B00E5BAC4 /* TopViewController.swift in Sources */ = {isa = PBXBuildFile; fileRef = DC17322D2180CE1B00E5BAC4 /* TopViewController.swift */; };
		DC361CA2218F63C5002C1F68 /* ParamsTableView.swift in Sources */ = {isa = PBXBuildFile; fileRef = DC361CA1218F63C5002C1F68 /* ParamsTableView.swift */; };
		DC47E5A121581EE20072EAC5 /* AppDelegate.swift in Sources */ = {isa = PBXBuildFile; fileRef = DC47E5A021581EE20072EAC5 /* AppDelegate.swift */; };
		DC47E5A321581EE20072EAC5 /* ViewController.swift in Sources */ = {isa = PBXBuildFile; fileRef = DC47E5A221581EE20072EAC5 /* ViewController.swift */; };
		DC47E5A521581EE20072EAC5 /* Assets.xcassets in Resources */ = {isa = PBXBuildFile; fileRef = DC47E5A421581EE20072EAC5 /* Assets.xcassets */; };
		DC47E5A821581EE20072EAC5 /* Main.storyboard in Resources */ = {isa = PBXBuildFile; fileRef = DC47E5A621581EE20072EAC5 /* Main.storyboard */; };
		DC47E5B421581EE20072EAC5 /* PutmanTests.swift in Sources */ = {isa = PBXBuildFile; fileRef = DC47E5B321581EE20072EAC5 /* PutmanTests.swift */; };
		DC47E5C521581F240072EAC5 /* main.swift in Sources */ = {isa = PBXBuildFile; fileRef = DC47E5C421581F240072EAC5 /* main.swift */; };
		DC47E5CA21581F670072EAC5 /* HTTP.swift in Sources */ = {isa = PBXBuildFile; fileRef = DC47E5C921581F670072EAC5 /* HTTP.swift */; };
		DC47E5CB21581F670072EAC5 /* HTTP.swift in Sources */ = {isa = PBXBuildFile; fileRef = DC47E5C921581F670072EAC5 /* HTTP.swift */; };
		DC47E5CC21581F670072EAC5 /* HTTP.swift in Sources */ = {isa = PBXBuildFile; fileRef = DC47E5C921581F670072EAC5 /* HTTP.swift */; };
/* End PBXBuildFile section */

/* Begin PBXContainerItemProxy section */
		DC47E5B021581EE20072EAC5 /* PBXContainerItemProxy */ = {
			isa = PBXContainerItemProxy;
			containerPortal = DC47E59521581EE10072EAC5 /* Project object */;
			proxyType = 1;
			remoteGlobalIDString = DC47E59C21581EE10072EAC5;
			remoteInfo = Putman;
		};
/* End PBXContainerItemProxy section */

/* Begin PBXCopyFilesBuildPhase section */
		DC47E5C021581F240072EAC5 /* CopyFiles */ = {
			isa = PBXCopyFilesBuildPhase;
			buildActionMask = 2147483647;
			dstPath = /usr/share/man/man1/;
			dstSubfolderSpec = 0;
			files = (
			);
			runOnlyForDeploymentPostprocessing = 1;
		};
/* End PBXCopyFilesBuildPhase section */

/* Begin PBXFileReference section */
		DC17322D2180CE1B00E5BAC4 /* TopViewController.swift */ = {isa = PBXFileReference; lastKnownFileType = sourcecode.swift; path = TopViewController.swift; sourceTree = "<group>"; };
		DC361CA1218F63C5002C1F68 /* ParamsTableView.swift */ = {isa = PBXFileReference; lastKnownFileType = sourcecode.swift; path = ParamsTableView.swift; sourceTree = "<group>"; };
		DC47E59D21581EE10072EAC5 /* Putman.app */ = {isa = PBXFileReference; explicitFileType = wrapper.application; includeInIndex = 0; path = Putman.app; sourceTree = BUILT_PRODUCTS_DIR; };
		DC47E5A021581EE20072EAC5 /* AppDelegate.swift */ = {isa = PBXFileReference; lastKnownFileType = sourcecode.swift; path = AppDelegate.swift; sourceTree = "<group>"; };
		DC47E5A221581EE20072EAC5 /* ViewController.swift */ = {isa = PBXFileReference; lastKnownFileType = sourcecode.swift; path = ViewController.swift; sourceTree = "<group>"; };
		DC47E5A421581EE20072EAC5 /* Assets.xcassets */ = {isa = PBXFileReference; lastKnownFileType = folder.assetcatalog; path = Assets.xcassets; sourceTree = "<group>"; };
		DC47E5A721581EE20072EAC5 /* Base */ = {isa = PBXFileReference; lastKnownFileType = file.storyboard; name = Base; path = Base.lproj/Main.storyboard; sourceTree = "<group>"; };
		DC47E5A921581EE20072EAC5 /* Info.plist */ = {isa = PBXFileReference; lastKnownFileType = text.plist.xml; path = Info.plist; sourceTree = "<group>"; };
		DC47E5AA21581EE20072EAC5 /* Putman.entitlements */ = {isa = PBXFileReference; lastKnownFileType = text.plist.entitlements; path = Putman.entitlements; sourceTree = "<group>"; };
		DC47E5AF21581EE20072EAC5 /* PutmanTests.xctest */ = {isa = PBXFileReference; explicitFileType = wrapper.cfbundle; includeInIndex = 0; path = PutmanTests.xctest; sourceTree = BUILT_PRODUCTS_DIR; };
		DC47E5B321581EE20072EAC5 /* PutmanTests.swift */ = {isa = PBXFileReference; lastKnownFileType = sourcecode.swift; path = PutmanTests.swift; sourceTree = "<group>"; };
		DC47E5B521581EE20072EAC5 /* Info.plist */ = {isa = PBXFileReference; lastKnownFileType = text.plist.xml; path = Info.plist; sourceTree = "<group>"; };
		DC47E5C221581F240072EAC5 /* putman-cli */ = {isa = PBXFileReference; explicitFileType = "compiled.mach-o.executable"; includeInIndex = 0; path = "putman-cli"; sourceTree = BUILT_PRODUCTS_DIR; };
		DC47E5C421581F240072EAC5 /* main.swift */ = {isa = PBXFileReference; lastKnownFileType = sourcecode.swift; path = main.swift; sourceTree = "<group>"; };
		DC47E5C921581F670072EAC5 /* HTTP.swift */ = {isa = PBXFileReference; lastKnownFileType = sourcecode.swift; name = HTTP.swift; path = Putman/HTTP.swift; sourceTree = "<group>"; };
/* End PBXFileReference section */

/* Begin PBXFrameworksBuildPhase section */
		DC47E59A21581EE10072EAC5 /* Frameworks */ = {
			isa = PBXFrameworksBuildPhase;
			buildActionMask = 2147483647;
			files = (
			);
			runOnlyForDeploymentPostprocessing = 0;
		};
		DC47E5AC21581EE20072EAC5 /* Frameworks */ = {
			isa = PBXFrameworksBuildPhase;
			buildActionMask = 2147483647;
			files = (
			);
			runOnlyForDeploymentPostprocessing = 0;
		};
		DC47E5BF21581F240072EAC5 /* Frameworks */ = {
			isa = PBXFrameworksBuildPhase;
			buildActionMask = 2147483647;
			files = (
			);
			runOnlyForDeploymentPostprocessing = 0;
		};
/* End PBXFrameworksBuildPhase section */

/* Begin PBXGroup section */
		DC47E59421581EE10072EAC5 = {
			isa = PBXGroup;
			children = (
				DC47E5C921581F670072EAC5 /* HTTP.swift */,
				DC47E59F21581EE10072EAC5 /* Putman */,
				DC47E5B221581EE20072EAC5 /* PutmanTests */,
				DC47E5C321581F240072EAC5 /* putman-cli */,
				DC47E59E21581EE10072EAC5 /* Products */,
			);
			sourceTree = "<group>";
		};
		DC47E59E21581EE10072EAC5 /* Products */ = {
			isa = PBXGroup;
			children = (
				DC47E59D21581EE10072EAC5 /* Putman.app */,
				DC47E5AF21581EE20072EAC5 /* PutmanTests.xctest */,
				DC47E5C221581F240072EAC5 /* putman-cli */,
			);
			name = Products;
			sourceTree = "<group>";
		};
		DC47E59F21581EE10072EAC5 /* Putman */ = {
			isa = PBXGroup;
			children = (
				DC47E5A021581EE20072EAC5 /* AppDelegate.swift */,
				DC47E5A221581EE20072EAC5 /* ViewController.swift */,
				DC47E5A421581EE20072EAC5 /* Assets.xcassets */,
				DC47E5A621581EE20072EAC5 /* Main.storyboard */,
				DC47E5A921581EE20072EAC5 /* Info.plist */,
				DC47E5AA21581EE20072EAC5 /* Putman.entitlements */,
				DC17322D2180CE1B00E5BAC4 /* TopViewController.swift */,
				DC361CA1218F63C5002C1F68 /* ParamsTableView.swift */,
			);
			path = Putman;
			sourceTree = "<group>";
		};
		DC47E5B221581EE20072EAC5 /* PutmanTests */ = {
			isa = PBXGroup;
			children = (
				DC47E5B321581EE20072EAC5 /* PutmanTests.swift */,
				DC47E5B521581EE20072EAC5 /* Info.plist */,
			);
			path = PutmanTests;
			sourceTree = "<group>";
		};
		DC47E5C321581F240072EAC5 /* putman-cli */ = {
			isa = PBXGroup;
			children = (
				DC47E5C421581F240072EAC5 /* main.swift */,
			);
			path = "putman-cli";
			sourceTree = "<group>";
		};
/* End PBXGroup section */

/* Begin PBXNativeTarget section */
		DC47E59C21581EE10072EAC5 /* Putman */ = {
			isa = PBXNativeTarget;
			buildConfigurationList = DC47E5B821581EE20072EAC5 /* Build configuration list for PBXNativeTarget "Putman" */;
			buildPhases = (
				DC47E59921581EE10072EAC5 /* Sources */,
				DC47E59A21581EE10072EAC5 /* Frameworks */,
				DC47E59B21581EE10072EAC5 /* Resources */,
			);
			buildRules = (
			);
			dependencies = (
			);
			name = Putman;
			productName = Putman;
			productReference = DC47E59D21581EE10072EAC5 /* Putman.app */;
			productType = "com.apple.product-type.application";
		};
		DC47E5AE21581EE20072EAC5 /* PutmanTests */ = {
			isa = PBXNativeTarget;
			buildConfigurationList = DC47E5BB21581EE20072EAC5 /* Build configuration list for PBXNativeTarget "PutmanTests" */;
			buildPhases = (
				DC47E5AB21581EE20072EAC5 /* Sources */,
				DC47E5AC21581EE20072EAC5 /* Frameworks */,
				DC47E5AD21581EE20072EAC5 /* Resources */,
			);
			buildRules = (
			);
			dependencies = (
				DC47E5B121581EE20072EAC5 /* PBXTargetDependency */,
			);
			name = PutmanTests;
			productName = PutmanTests;
			productReference = DC47E5AF21581EE20072EAC5 /* PutmanTests.xctest */;
			productType = "com.apple.product-type.bundle.unit-test";
		};
		DC47E5C121581F240072EAC5 /* putman-cli */ = {
			isa = PBXNativeTarget;
			buildConfigurationList = DC47E5C621581F240072EAC5 /* Build configuration list for PBXNativeTarget "putman-cli" */;
			buildPhases = (
				DC47E5BE21581F240072EAC5 /* Sources */,
				DC47E5BF21581F240072EAC5 /* Frameworks */,
				DC47E5C021581F240072EAC5 /* CopyFiles */,
			);
			buildRules = (
			);
			dependencies = (
			);
			name = "putman-cli";
			productName = "putman-cli";
			productReference = DC47E5C221581F240072EAC5 /* putman-cli */;
			productType = "com.apple.product-type.tool";
		};
/* End PBXNativeTarget section */

/* Begin PBXProject section */
		DC47E59521581EE10072EAC5 /* Project object */ = {
			isa = PBXProject;
			attributes = {
				LastSwiftUpdateCheck = 0900;
				LastUpgradeCheck = 1020;
				ORGANIZATIONNAME = "Iggy Drougge";
				TargetAttributes = {
					DC47E59C21581EE10072EAC5 = {
						CreatedOnToolsVersion = 9.0;
						LastSwiftMigration = 1020;
						ProvisioningStyle = Automatic;
					};
					DC47E5AE21581EE20072EAC5 = {
						CreatedOnToolsVersion = 9.0;
						LastSwiftMigration = 1020;
						ProvisioningStyle = Automatic;
						TestTargetID = DC47E59C21581EE10072EAC5;
					};
					DC47E5C121581F240072EAC5 = {
						CreatedOnToolsVersion = 9.0;
						ProvisioningStyle = Automatic;
					};
				};
			};
			buildConfigurationList = DC47E59821581EE10072EAC5 /* Build configuration list for PBXProject "Putman" */;
			compatibilityVersion = "Xcode 8.0";
			developmentRegion = en;
			hasScannedForEncodings = 0;
			knownRegions = (
				en,
				Base,
			);
			mainGroup = DC47E59421581EE10072EAC5;
			productRefGroup = DC47E59E21581EE10072EAC5 /* Products */;
			projectDirPath = "";
			projectRoot = "";
			targets = (
				DC47E59C21581EE10072EAC5 /* Putman */,
				DC47E5AE21581EE20072EAC5 /* PutmanTests */,
				DC47E5C121581F240072EAC5 /* putman-cli */,
			);
		};
/* End PBXProject section */

/* Begin PBXResourcesBuildPhase section */
		DC47E59B21581EE10072EAC5 /* Resources */ = {
			isa = PBXResourcesBuildPhase;
			buildActionMask = 2147483647;
			files = (
				DC47E5A521581EE20072EAC5 /* Assets.xcassets in Resources */,
				DC47E5A821581EE20072EAC5 /* Main.storyboard in Resources */,
			);
			runOnlyForDeploymentPostprocessing = 0;
		};
		DC47E5AD21581EE20072EAC5 /* Resources */ = {
			isa = PBXResourcesBuildPhase;
			buildActionMask = 2147483647;
			files = (
			);
			runOnlyForDeploymentPostprocessing = 0;
		};
/* End PBXResourcesBuildPhase section */

/* Begin PBXSourcesBuildPhase section */
		DC47E59921581EE10072EAC5 /* Sources */ = {
			isa = PBXSourcesBuildPhase;
			buildActionMask = 2147483647;
			files = (
				DC361CA2218F63C5002C1F68 /* ParamsTableView.swift in Sources */,
				DC17322E2180CE1B00E5BAC4 /* TopViewController.swift in Sources */,
				DC47E5CA21581F670072EAC5 /* HTTP.swift in Sources */,
				DC47E5A321581EE20072EAC5 /* ViewController.swift in Sources */,
				DC47E5A121581EE20072EAC5 /* AppDelegate.swift in Sources */,
			);
			runOnlyForDeploymentPostprocessing = 0;
		};
		DC47E5AB21581EE20072EAC5 /* Sources */ = {
			isa = PBXSourcesBuildPhase;
			buildActionMask = 2147483647;
			files = (
				DC47E5B421581EE20072EAC5 /* PutmanTests.swift in Sources */,
				DC47E5CB21581F670072EAC5 /* HTTP.swift in Sources */,
			);
			runOnlyForDeploymentPostprocessing = 0;
		};
		DC47E5BE21581F240072EAC5 /* Sources */ = {
			isa = PBXSourcesBuildPhase;
			buildActionMask = 2147483647;
			files = (
				DC47E5C521581F240072EAC5 /* main.swift in Sources */,
				DC47E5CC21581F670072EAC5 /* HTTP.swift in Sources */,
			);
			runOnlyForDeploymentPostprocessing = 0;
		};
/* End PBXSourcesBuildPhase section */

/* Begin PBXTargetDependency section */
		DC47E5B121581EE20072EAC5 /* PBXTargetDependency */ = {
			isa = PBXTargetDependency;
			target = DC47E59C21581EE10072EAC5 /* Putman */;
			targetProxy = DC47E5B021581EE20072EAC5 /* PBXContainerItemProxy */;
		};
/* End PBXTargetDependency section */

/* Begin PBXVariantGroup section */
		DC47E5A621581EE20072EAC5 /* Main.storyboard */ = {
			isa = PBXVariantGroup;
			children = (
				DC47E5A721581EE20072EAC5 /* Base */,
			);
			name = Main.storyboard;
			sourceTree = "<group>";
		};
/* End PBXVariantGroup section */

/* Begin XCBuildConfiguration section */
		DC47E5B621581EE20072EAC5 /* Debug */ = {
			isa = XCBuildConfiguration;
			buildSettings = {
				ALWAYS_SEARCH_USER_PATHS = NO;
				CLANG_ANALYZER_NONNULL = YES;
				CLANG_ANALYZER_NUMBER_OBJECT_CONVERSION = YES_AGGRESSIVE;
				CLANG_CXX_LANGUAGE_STANDARD = "gnu++14";
				CLANG_CXX_LIBRARY = "libc++";
				CLANG_ENABLE_MODULES = YES;
				CLANG_ENABLE_OBJC_ARC = YES;
				CLANG_WARN_BLOCK_CAPTURE_AUTORELEASING = YES;
				CLANG_WARN_BOOL_CONVERSION = YES;
				CLANG_WARN_COMMA = YES;
				CLANG_WARN_CONSTANT_CONVERSION = YES;
				CLANG_WARN_DEPRECATED_OBJC_IMPLEMENTATIONS = YES;
				CLANG_WARN_DIRECT_OBJC_ISA_USAGE = YES_ERROR;
				CLANG_WARN_DOCUMENTATION_COMMENTS = YES;
				CLANG_WARN_EMPTY_BODY = YES;
				CLANG_WARN_ENUM_CONVERSION = YES;
				CLANG_WARN_INFINITE_RECURSION = YES;
				CLANG_WARN_INT_CONVERSION = YES;
				CLANG_WARN_NON_LITERAL_NULL_CONVERSION = YES;
				CLANG_WARN_OBJC_IMPLICIT_RETAIN_SELF = YES;
				CLANG_WARN_OBJC_LITERAL_CONVERSION = YES;
				CLANG_WARN_OBJC_ROOT_CLASS = YES_ERROR;
				CLANG_WARN_RANGE_LOOP_ANALYSIS = YES;
				CLANG_WARN_STRICT_PROTOTYPES = YES;
				CLANG_WARN_SUSPICIOUS_MOVE = YES;
				CLANG_WARN_UNGUARDED_AVAILABILITY = YES_AGGRESSIVE;
				CLANG_WARN_UNREACHABLE_CODE = YES;
				CLANG_WARN__DUPLICATE_METHOD_MATCH = YES;
				CODE_SIGN_IDENTITY = "Mac Developer";
				COPY_PHASE_STRIP = NO;
				DEBUG_INFORMATION_FORMAT = dwarf;
				ENABLE_STRICT_OBJC_MSGSEND = YES;
				ENABLE_TESTABILITY = YES;
				GCC_C_LANGUAGE_STANDARD = gnu11;
				GCC_DYNAMIC_NO_PIC = NO;
				GCC_NO_COMMON_BLOCKS = YES;
				GCC_OPTIMIZATION_LEVEL = 0;
				GCC_PREPROCESSOR_DEFINITIONS = (
					"DEBUG=1",
					"$(inherited)",
				);
				GCC_WARN_64_TO_32_BIT_CONVERSION = YES;
				GCC_WARN_ABOUT_RETURN_TYPE = YES_ERROR;
				GCC_WARN_UNDECLARED_SELECTOR = YES;
				GCC_WARN_UNINITIALIZED_AUTOS = YES_AGGRESSIVE;
				GCC_WARN_UNUSED_FUNCTION = YES;
				GCC_WARN_UNUSED_VARIABLE = YES;
				MACOSX_DEPLOYMENT_TARGET = 10.12;
				MTL_ENABLE_DEBUG_INFO = YES;
				ONLY_ACTIVE_ARCH = YES;
				SDKROOT = macosx;
				SWIFT_ACTIVE_COMPILATION_CONDITIONS = DEBUG;
				SWIFT_OPTIMIZATION_LEVEL = "-Onone";
				SWIFT_VERSION = 4.0;
			};
			name = Debug;
		};
		DC47E5B721581EE20072EAC5 /* Release */ = {
			isa = XCBuildConfiguration;
			buildSettings = {
				ALWAYS_SEARCH_USER_PATHS = NO;
				CLANG_ANALYZER_NONNULL = YES;
				CLANG_ANALYZER_NUMBER_OBJECT_CONVERSION = YES_AGGRESSIVE;
				CLANG_CXX_LANGUAGE_STANDARD = "gnu++14";
				CLANG_CXX_LIBRARY = "libc++";
				CLANG_ENABLE_MODULES = YES;
				CLANG_ENABLE_OBJC_ARC = YES;
				CLANG_WARN_BLOCK_CAPTURE_AUTORELEASING = YES;
				CLANG_WARN_BOOL_CONVERSION = YES;
				CLANG_WARN_COMMA = YES;
				CLANG_WARN_CONSTANT_CONVERSION = YES;
				CLANG_WARN_DEPRECATED_OBJC_IMPLEMENTATIONS = YES;
				CLANG_WARN_DIRECT_OBJC_ISA_USAGE = YES_ERROR;
				CLANG_WARN_DOCUMENTATION_COMMENTS = YES;
				CLANG_WARN_EMPTY_BODY = YES;
				CLANG_WARN_ENUM_CONVERSION = YES;
				CLANG_WARN_INFINITE_RECURSION = YES;
				CLANG_WARN_INT_CONVERSION = YES;
				CLANG_WARN_NON_LITERAL_NULL_CONVERSION = YES;
				CLANG_WARN_OBJC_IMPLICIT_RETAIN_SELF = YES;
				CLANG_WARN_OBJC_LITERAL_CONVERSION = YES;
				CLANG_WARN_OBJC_ROOT_CLASS = YES_ERROR;
				CLANG_WARN_RANGE_LOOP_ANALYSIS = YES;
				CLANG_WARN_STRICT_PROTOTYPES = YES;
				CLANG_WARN_SUSPICIOUS_MOVE = YES;
				CLANG_WARN_UNGUARDED_AVAILABILITY = YES_AGGRESSIVE;
				CLANG_WARN_UNREACHABLE_CODE = YES;
				CLANG_WARN__DUPLICATE_METHOD_MATCH = YES;
				CODE_SIGN_IDENTITY = "Mac Developer";
				COPY_PHASE_STRIP = NO;
				DEBUG_INFORMATION_FORMAT = "dwarf-with-dsym";
				ENABLE_NS_ASSERTIONS = NO;
				ENABLE_STRICT_OBJC_MSGSEND = YES;
				GCC_C_LANGUAGE_STANDARD = gnu11;
				GCC_NO_COMMON_BLOCKS = YES;
				GCC_WARN_64_TO_32_BIT_CONVERSION = YES;
				GCC_WARN_ABOUT_RETURN_TYPE = YES_ERROR;
				GCC_WARN_UNDECLARED_SELECTOR = YES;
				GCC_WARN_UNINITIALIZED_AUTOS = YES_AGGRESSIVE;
				GCC_WARN_UNUSED_FUNCTION = YES;
				GCC_WARN_UNUSED_VARIABLE = YES;
				MACOSX_DEPLOYMENT_TARGET = 10.12;
				MTL_ENABLE_DEBUG_INFO = NO;
				SDKROOT = macosx;
				SWIFT_OPTIMIZATION_LEVEL = "-Owholemodule";
				SWIFT_VERSION = 4.0;
			};
			name = Release;
		};
		DC47E5B921581EE20072EAC5 /* Debug */ = {
			isa = XCBuildConfiguration;
			buildSettings = {
				ASSETCATALOG_COMPILER_APPICON_NAME = AppIcon;
				CODE_SIGN_ENTITLEMENTS = Putman/Putman.entitlements;
				CODE_SIGN_STYLE = Automatic;
				COMBINE_HIDPI_IMAGES = YES;
				DEVELOPMENT_TEAM = 4AZ9573G2J;
				INFOPLIST_FILE = Putman/Info.plist;
				LD_RUNPATH_SEARCH_PATHS = "$(inherited) @executable_path/../Frameworks";
				PRODUCT_BUNDLE_IDENTIFIER = org.kristallpojken.Putman;
				PRODUCT_NAME = "$(TARGET_NAME)";
				SWIFT_VERSION = 5.0;
			};
			name = Debug;
		};
		DC47E5BA21581EE20072EAC5 /* Release */ = {
			isa = XCBuildConfiguration;
			buildSettings = {
				ASSETCATALOG_COMPILER_APPICON_NAME = AppIcon;
				CODE_SIGN_ENTITLEMENTS = Putman/Putman.entitlements;
				CODE_SIGN_STYLE = Automatic;
				COMBINE_HIDPI_IMAGES = YES;
				DEVELOPMENT_TEAM = 4AZ9573G2J;
				INFOPLIST_FILE = Putman/Info.plist;
				LD_RUNPATH_SEARCH_PATHS = "$(inherited) @executable_path/../Frameworks";
				PRODUCT_BUNDLE_IDENTIFIER = org.kristallpojken.Putman;
				PRODUCT_NAME = "$(TARGET_NAME)";
				SWIFT_VERSION = 5.0;
			};
			name = Release;
		};
		DC47E5BC21581EE20072EAC5 /* Debug */ = {
			isa = XCBuildConfiguration;
			buildSettings = {
				ALWAYS_EMBED_SWIFT_STANDARD_LIBRARIES = YES;
				BUNDLE_LOADER = "$(TEST_HOST)";
				CODE_SIGN_STYLE = Automatic;
				COMBINE_HIDPI_IMAGES = YES;
				DEVELOPMENT_TEAM = 4AZ9573G2J;
				INFOPLIST_FILE = PutmanTests/Info.plist;
				LD_RUNPATH_SEARCH_PATHS = "$(inherited) @executable_path/../Frameworks @loader_path/../Frameworks";
				PRODUCT_BUNDLE_IDENTIFIER = org.kristallpojken.PutmanTests;
				PRODUCT_NAME = "$(TARGET_NAME)";
				SWIFT_VERSION = 5.0;
				TEST_HOST = "$(BUILT_PRODUCTS_DIR)/Putman.app/Contents/MacOS/Putman";
			};
			name = Debug;
		};
		DC47E5BD21581EE20072EAC5 /* Release */ = {
			isa = XCBuildConfiguration;
			buildSettings = {
				ALWAYS_EMBED_SWIFT_STANDARD_LIBRARIES = YES;
				BUNDLE_LOADER = "$(TEST_HOST)";
				CODE_SIGN_STYLE = Automatic;
				COMBINE_HIDPI_IMAGES = YES;
				DEVELOPMENT_TEAM = 4AZ9573G2J;
				INFOPLIST_FILE = PutmanTests/Info.plist;
				LD_RUNPATH_SEARCH_PATHS = "$(inherited) @executable_path/../Frameworks @loader_path/../Frameworks";
				PRODUCT_BUNDLE_IDENTIFIER = org.kristallpojken.PutmanTests;
				PRODUCT_NAME = "$(TARGET_NAME)";
				SWIFT_VERSION = 5.0;
				TEST_HOST = "$(BUILT_PRODUCTS_DIR)/Putman.app/Contents/MacOS/Putman";
			};
			name = Release;
		};
		DC47E5C721581F240072EAC5 /* Debug */ = {
			isa = XCBuildConfiguration;
			buildSettings = {
				CODE_SIGN_STYLE = Automatic;
				DEVELOPMENT_TEAM = 4AZ9573G2J;
				PRODUCT_NAME = "$(TARGET_NAME)";
				SWIFT_VERSION = 4.0;
			};
			name = Debug;
		};
		DC47E5C821581F240072EAC5 /* Release */ = {
			isa = XCBuildConfiguration;
			buildSettings = {
				CODE_SIGN_STYLE = Automatic;
				DEVELOPMENT_TEAM = 4AZ9573G2J;
				PRODUCT_NAME = "$(TARGET_NAME)";
				SWIFT_VERSION = 4.0;
			};
			name = Release;
		};
/* End XCBuildConfiguration section */

/* Begin XCConfigurationList section */
		DC47E59821581EE10072EAC5 /* Build configuration list for PBXProject "Putman" */ = {
			isa = XCConfigurationList;
			buildConfigurations = (
				DC47E5B621581EE20072EAC5 /* Debug */,
				DC47E5B721581EE20072EAC5 /* Release */,
			);
			defaultConfigurationIsVisible = 0;
			defaultConfigurationName = Release;
		};
		DC47E5B821581EE20072EAC5 /* Build configuration list for PBXNativeTarget "Putman" */ = {
			isa = XCConfigurationList;
			buildConfigurations = (
				DC47E5B921581EE20072EAC5 /* Debug */,
				DC47E5BA21581EE20072EAC5 /* Release */,
			);
			defaultConfigurationIsVisible = 0;
			defaultConfigurationName = Release;
		};
		DC47E5BB21581EE20072EAC5 /* Build configuration list for PBXNativeTarget "PutmanTests" */ = {
			isa = XCConfigurationList;
			buildConfigurations = (
				DC47E5BC21581EE20072EAC5 /* Debug */,
				DC47E5BD21581EE20072EAC5 /* Release */,
			);
			defaultConfigurationIsVisible = 0;
			defaultConfigurationName = Release;
		};
		DC47E5C621581F240072EAC5 /* Build configuration list for PBXNativeTarget "putman-cli" */ = {
			isa = XCConfigurationList;
			buildConfigurations = (
				DC47E5C721581F240072EAC5 /* Debug */,
				DC47E5C821581F240072EAC5 /* Release */,
			);
			defaultConfigurationIsVisible = 0;
			defaultConfigurationName = Release;
		};
/* End XCConfigurationList section */
	};
	rootObject = DC47E59521581EE10072EAC5 /* Project object */;
}
